// !$*UTF8*$!
{
	archiveVersion = 1;
	classes = {
	};
	objectVersion = 56;
	objects = {

/* Begin PBXBuildFile section */
		88653F1C28A034510062A48E /* ListNavDemoApp.swift in Sources */ = {isa = PBXBuildFile; fileRef = 88653F1B28A034510062A48E /* ListNavDemoApp.swift */; };
		88653F1E28A034510062A48E /* ContentView.swift in Sources */ = {isa = PBXBuildFile; fileRef = 88653F1D28A034510062A48E /* ContentView.swift */; };
		88653F2028A034530062A48E /* Assets.xcassets in Resources */ = {isa = PBXBuildFile; fileRef = 88653F1F28A034530062A48E /* Assets.xcassets */; };
		88653F2428A034530062A48E /* Preview Assets.xcassets in Resources */ = {isa = PBXBuildFile; fileRef = 88653F2328A034530062A48E /* Preview Assets.xcassets */; };
		88653F2B28A034A40062A48E /* CarAssets.xcassets in Resources */ = {isa = PBXBuildFile; fileRef = 88653F2A28A034A40062A48E /* CarAssets.xcassets */; };
		88653F2D28A034BF0062A48E /* Car.swift in Sources */ = {isa = PBXBuildFile; fileRef = 88653F2C28A034BF0062A48E /* Car.swift */; };
		88653F2F28A034ED0062A48E /* CarData.swift in Sources */ = {isa = PBXBuildFile; fileRef = 88653F2E28A034ED0062A48E /* CarData.swift */; };
		88653F3128A035140062A48E /* CarStore.swift in Sources */ = {isa = PBXBuildFile; fileRef = 88653F3028A035140062A48E /* CarStore.swift */; };
		88653F3328A036900062A48E /* carData.json in Resources */ = {isa = PBXBuildFile; fileRef = 88653F3228A0368E0062A48E /* carData.json */; };
		88653F3528A13FCB0062A48E /* CarDetail.swift in Sources */ = {isa = PBXBuildFile; fileRef = 88653F3428A13FCB0062A48E /* CarDetail.swift */; };
		88653F3728A142810062A48E /* AddNewCar.swift in Sources */ = {isa = PBXBuildFile; fileRef = 88653F3628A142810062A48E /* AddNewCar.swift */; };
/* End PBXBuildFile section */

/* Begin PBXFileReference section */
		88653F1828A034510062A48E /* ListNavDemo.app */ = {isa = PBXFileReference; explicitFileType = wrapper.application; includeInIndex = 0; path = ListNavDemo.app; sourceTree = BUILT_PRODUCTS_DIR; };
		88653F1B28A034510062A48E /* ListNavDemoApp.swift */ = {isa = PBXFileReference; lastKnownFileType = sourcecode.swift; path = ListNavDemoApp.swift; sourceTree = "<group>"; };
		88653F1D28A034510062A48E /* ContentView.swift */ = {isa = PBXFileReference; lastKnownFileType = sourcecode.swift; path = ContentView.swift; sourceTree = "<group>"; };
		88653F1F28A034530062A48E /* Assets.xcassets */ = {isa = PBXFileReference; lastKnownFileType = folder.assetcatalog; path = Assets.xcassets; sourceTree = "<group>"; };
		88653F2128A034530062A48E /* ListNavDemo.entitlements */ = {isa = PBXFileReference; lastKnownFileType = text.plist.entitlements; path = ListNavDemo.entitlements; sourceTree = "<group>"; };
		88653F2328A034530062A48E /* Preview Assets.xcassets */ = {isa = PBXFileReference; lastKnownFileType = folder.assetcatalog; path = "Preview Assets.xcassets"; sourceTree = "<group>"; };
		88653F2A28A034A40062A48E /* CarAssets.xcassets */ = {isa = PBXFileReference; lastKnownFileType = folder.assetcatalog; path = CarAssets.xcassets; sourceTree = "<group>"; };
		88653F2C28A034BF0062A48E /* Car.swift */ = {isa = PBXFileReference; lastKnownFileType = sourcecode.swift; path = Car.swift; sourceTree = "<group>"; };
		88653F2E28A034ED0062A48E /* CarData.swift */ = {isa = PBXFileReference; lastKnownFileType = sourcecode.swift; path = CarData.swift; sourceTree = "<group>"; };
		88653F3028A035140062A48E /* CarStore.swift */ = {isa = PBXFileReference; lastKnownFileType = sourcecode.swift; path = CarStore.swift; sourceTree = "<group>"; };
		88653F3228A0368E0062A48E /* carData.json */ = {isa = PBXFileReference; fileEncoding = 4; lastKnownFileType = text.json; path = carData.json; sourceTree = "<group>"; };
		88653F3428A13FCB0062A48E /* CarDetail.swift */ = {isa = PBXFileReference; lastKnownFileType = sourcecode.swift; path = CarDetail.swift; sourceTree = "<group>"; };
		88653F3628A142810062A48E /* AddNewCar.swift */ = {isa = PBXFileReference; lastKnownFileType = sourcecode.swift; path = AddNewCar.swift; sourceTree = "<group>"; };
/* End PBXFileReference section */

/* Begin PBXFrameworksBuildPhase section */
		88653F1528A034510062A48E /* Frameworks */ = {
			isa = PBXFrameworksBuildPhase;
			buildActionMask = 2147483647;
			files = (
			);
			runOnlyForDeploymentPostprocessing = 0;
		};
/* End PBXFrameworksBuildPhase section */

/* Begin PBXGroup section */
		88653F0F28A034510062A48E = {
			isa = PBXGroup;
			children = (
				88653F1A28A034510062A48E /* ListNavDemo */,
				88653F1928A034510062A48E /* Products */,
			);
			sourceTree = "<group>";
		};
		88653F1928A034510062A48E /* Products */ = {
			isa = PBXGroup;
			children = (
				88653F1828A034510062A48E /* ListNavDemo.app */,
			);
			name = Products;
			sourceTree = "<group>";
		};
		88653F1A28A034510062A48E /* ListNavDemo */ = {
			isa = PBXGroup;
			children = (
				88653F1B28A034510062A48E /* ListNavDemoApp.swift */,
				88653F1D28A034510062A48E /* ContentView.swift */,
				88653F3628A142810062A48E /* AddNewCar.swift */,
				88653F2A28A034A40062A48E /* CarAssets.xcassets */,
				88653F1F28A034530062A48E /* Assets.xcassets */,
				88653F2128A034530062A48E /* ListNavDemo.entitlements */,
				88653F3228A0368E0062A48E /* carData.json */,
				88653F2228A034530062A48E /* Preview Content */,
				88653F2C28A034BF0062A48E /* Car.swift */,
				88653F2E28A034ED0062A48E /* CarData.swift */,
				88653F3028A035140062A48E /* CarStore.swift */,
				88653F3428A13FCB0062A48E /* CarDetail.swift */,
			);
			path = ListNavDemo;
			sourceTree = "<group>";
		};
		88653F2228A034530062A48E /* Preview Content */ = {
			isa = PBXGroup;
			children = (
				88653F2328A034530062A48E /* Preview Assets.xcassets */,
			);
			path = "Preview Content";
			sourceTree = "<group>";
		};
/* End PBXGroup section */

/* Begin PBXNativeTarget section */
		88653F1728A034510062A48E /* ListNavDemo */ = {
			isa = PBXNativeTarget;
			buildConfigurationList = 88653F2728A034530062A48E /* Build configuration list for PBXNativeTarget "ListNavDemo" */;
			buildPhases = (
				88653F1428A034510062A48E /* Sources */,
				88653F1528A034510062A48E /* Frameworks */,
				88653F1628A034510062A48E /* Resources */,
			);
			buildRules = (
			);
			dependencies = (
			);
			name = ListNavDemo;
			productName = ListNavDemo;
			productReference = 88653F1828A034510062A48E /* ListNavDemo.app */;
			productType = "com.apple.product-type.application";
		};
/* End PBXNativeTarget section */

/* Begin PBXProject section */
		88653F1028A034510062A48E /* Project object */ = {
			isa = PBXProject;
			attributes = {
				BuildIndependentTargetsInParallel = 1;
				LastSwiftUpdateCheck = 1400;
				LastUpgradeCheck = 1400;
				TargetAttributes = {
					88653F1728A034510062A48E = {
						CreatedOnToolsVersion = 14.0;
					};
				};
			};
			buildConfigurationList = 88653F1328A034510062A48E /* Build configuration list for PBXProject "ListNavDemo" */;
			compatibilityVersion = "Xcode 14.0";
			developmentRegion = en;
			hasScannedForEncodings = 0;
			knownRegions = (
				en,
				Base,
			);
			mainGroup = 88653F0F28A034510062A48E;
			productRefGroup = 88653F1928A034510062A48E /* Products */;
			projectDirPath = "";
			projectRoot = "";
			targets = (
				88653F1728A034510062A48E /* ListNavDemo */,
			);
		};
/* End PBXProject section */

/* Begin PBXResourcesBuildPhase section */
		88653F1628A034510062A48E /* Resources */ = {
			isa = PBXResourcesBuildPhase;
			buildActionMask = 2147483647;
			files = (
				88653F3328A036900062A48E /* carData.json in Resources */,
				88653F2428A034530062A48E /* Preview Assets.xcassets in Resources */,
				88653F2028A034530062A48E /* Assets.xcassets in Resources */,
				88653F2B28A034A40062A48E /* CarAssets.xcassets in Resources */,
			);
			runOnlyForDeploymentPostprocessing = 0;
		};
/* End PBXResourcesBuildPhase section */

/* Begin PBXSourcesBuildPhase section */
		88653F1428A034510062A48E /* Sources */ = {
			isa = PBXSourcesBuildPhase;
			buildActionMask = 2147483647;
			files = (
				88653F2F28A034ED0062A48E /* CarData.swift in Sources */,
				88653F1E28A034510062A48E /* ContentView.swift in Sources */,
				88653F3728A142810062A48E /* AddNewCar.swift in Sources */,
				88653F1C28A034510062A48E /* ListNavDemoApp.swift in Sources */,
				88653F3528A13FCB0062A48E /* CarDetail.swift in Sources */,
				88653F2D28A034BF0062A48E /* Car.swift in Sources */,
				88653F3128A035140062A48E /* CarStore.swift in Sources */,
			);
			runOnlyForDeploymentPostprocessing = 0;
		};
/* End PBXSourcesBuildPhase section */

/* Begin XCBuildConfiguration section */
		88653F2528A034530062A48E /* Debug */ = {
			isa = XCBuildConfiguration;
			buildSettings = {
				ALWAYS_SEARCH_USER_PATHS = NO;
				CLANG_ANALYZER_NONNULL = YES;
				CLANG_ANALYZER_NUMBER_OBJECT_CONVERSION = YES_AGGRESSIVE;
				CLANG_CXX_LANGUAGE_STANDARD = "gnu++20";
				CLANG_ENABLE_MODULES = YES;
				CLANG_ENABLE_OBJC_ARC = YES;
				CLANG_ENABLE_OBJC_WEAK = YES;
				CLANG_WARN_BLOCK_CAPTURE_AUTORELEASING = YES;
				CLANG_WARN_BOOL_CONVERSION = YES;
				CLANG_WARN_COMMA = YES;
				CLANG_WARN_CONSTANT_CONVERSION = YES;
				CLANG_WARN_DEPRECATED_OBJC_IMPLEMENTATIONS = YES;
				CLANG_WARN_DIRECT_OBJC_ISA_USAGE = YES_ERROR;
				CLANG_WARN_DOCUMENTATION_COMMENTS = YES;
				CLANG_WARN_EMPTY_BODY = YES;
				CLANG_WARN_ENUM_CONVERSION = YES;
				CLANG_WARN_INFINITE_RECURSION = YES;
				CLANG_WARN_INT_CONVERSION = YES;
				CLANG_WARN_NON_LITERAL_NULL_CONVERSION = YES;
				CLANG_WARN_OBJC_IMPLICIT_RETAIN_SELF = YES;
				CLANG_WARN_OBJC_LITERAL_CONVERSION = YES;
				CLANG_WARN_OBJC_ROOT_CLASS = YES_ERROR;
				CLANG_WARN_QUOTED_INCLUDE_IN_FRAMEWORK_HEADER = YES;
				CLANG_WARN_RANGE_LOOP_ANALYSIS = YES;
				CLANG_WARN_STRICT_PROTOTYPES = YES;
				CLANG_WARN_SUSPICIOUS_MOVE = YES;
				CLANG_WARN_UNGUARDED_AVAILABILITY = YES_AGGRESSIVE;
				CLANG_WARN_UNREACHABLE_CODE = YES;
				CLANG_WARN__DUPLICATE_METHOD_MATCH = YES;
				COPY_PHASE_STRIP = NO;
				DEBUG_INFORMATION_FORMAT = dwarf;
				ENABLE_STRICT_OBJC_MSGSEND = YES;
				ENABLE_TESTABILITY = YES;
				GCC_C_LANGUAGE_STANDARD = gnu11;
				GCC_DYNAMIC_NO_PIC = NO;
				GCC_NO_COMMON_BLOCKS = YES;
				GCC_OPTIMIZATION_LEVEL = 0;
				GCC_PREPROCESSOR_DEFINITIONS = (
					"DEBUG=1",
					"$(inherited)",
				);
				GCC_WARN_64_TO_32_BIT_CONVERSION = YES;
				GCC_WARN_ABOUT_RETURN_TYPE = YES_ERROR;
				GCC_WARN_UNDECLARED_SELECTOR = YES;
				GCC_WARN_UNINITIALIZED_AUTOS = YES_AGGRESSIVE;
				GCC_WARN_UNUSED_FUNCTION = YES;
				GCC_WARN_UNUSED_VARIABLE = YES;
				MTL_ENABLE_DEBUG_INFO = INCLUDE_SOURCE;
				MTL_FAST_MATH = YES;
				ONLY_ACTIVE_ARCH = YES;
				SWIFT_ACTIVE_COMPILATION_CONDITIONS = DEBUG;
				SWIFT_OPTIMIZATION_LEVEL = "-Onone";
			};
			name = Debug;
		};
		88653F2628A034530062A48E /* Release */ = {
			isa = XCBuildConfiguration;
			buildSettings = {
				ALWAYS_SEARCH_USER_PATHS = NO;
				CLANG_ANALYZER_NONNULL = YES;
				CLANG_ANALYZER_NUMBER_OBJECT_CONVERSION = YES_AGGRESSIVE;
				CLANG_CXX_LANGUAGE_STANDARD = "gnu++20";
				CLANG_ENABLE_MODULES = YES;
				CLANG_ENABLE_OBJC_ARC = YES;
				CLANG_ENABLE_OBJC_WEAK = YES;
				CLANG_WARN_BLOCK_CAPTURE_AUTORELEASING = YES;
				CLANG_WARN_BOOL_CONVERSION = YES;
				CLANG_WARN_COMMA = YES;
				CLANG_WARN_CONSTANT_CONVERSION = YES;
				CLANG_WARN_DEPRECATED_OBJC_IMPLEMENTATIONS = YES;
				CLANG_WARN_DIRECT_OBJC_ISA_USAGE = YES_ERROR;
				CLANG_WARN_DOCUMENTATION_COMMENTS = YES;
				CLANG_WARN_EMPTY_BODY = YES;
				CLANG_WARN_ENUM_CONVERSION = YES;
				CLANG_WARN_INFINITE_RECURSION = YES;
				CLANG_WARN_INT_CONVERSION = YES;
				CLANG_WARN_NON_LITERAL_NULL_CONVERSION = YES;
				CLANG_WARN_OBJC_IMPLICIT_RETAIN_SELF = YES;
				CLANG_WARN_OBJC_LITERAL_CONVERSION = YES;
				CLANG_WARN_OBJC_ROOT_CLASS = YES_ERROR;
				CLANG_WARN_QUOTED_INCLUDE_IN_FRAMEWORK_HEADER = YES;
				CLANG_WARN_RANGE_LOOP_ANALYSIS = YES;
				CLANG_WARN_STRICT_PROTOTYPES = YES;
				CLANG_WARN_SUSPICIOUS_MOVE = YES;
				CLANG_WARN_UNGUARDED_AVAILABILITY = YES_AGGRESSIVE;
				CLANG_WARN_UNREACHABLE_CODE = YES;
				CLANG_WARN__DUPLICATE_METHOD_MATCH = YES;
				COPY_PHASE_STRIP = NO;
				DEBUG_INFORMATION_FORMAT = "dwarf-with-dsym";
				ENABLE_NS_ASSERTIONS = NO;
				ENABLE_STRICT_OBJC_MSGSEND = YES;
				GCC_C_LANGUAGE_STANDARD = gnu11;
				GCC_NO_COMMON_BLOCKS = YES;
				GCC_WARN_64_TO_32_BIT_CONVERSION = YES;
				GCC_WARN_ABOUT_RETURN_TYPE = YES_ERROR;
				GCC_WARN_UNDECLARED_SELECTOR = YES;
				GCC_WARN_UNINITIALIZED_AUTOS = YES_AGGRESSIVE;
				GCC_WARN_UNUSED_FUNCTION = YES;
				GCC_WARN_UNUSED_VARIABLE = YES;
				MTL_ENABLE_DEBUG_INFO = NO;
				MTL_FAST_MATH = YES;
				SWIFT_COMPILATION_MODE = wholemodule;
				SWIFT_OPTIMIZATION_LEVEL = "-O";
			};
			name = Release;
		};
		88653F2828A034530062A48E /* Debug */ = {
			isa = XCBuildConfiguration;
			buildSettings = {
				ASSETCATALOG_COMPILER_APPICON_NAME = AppIcon;
				ASSETCATALOG_COMPILER_GLOBAL_ACCENT_COLOR_NAME = AccentColor;
				CODE_SIGN_ENTITLEMENTS = ListNavDemo/ListNavDemo.entitlements;
				CODE_SIGN_STYLE = Automatic;
				CURRENT_PROJECT_VERSION = 1;
				DEVELOPMENT_ASSET_PATHS = "\"ListNavDemo/Preview Content\"";
				DEVELOPMENT_TEAM = 2UTH99GSB7;
				ENABLE_HARDENED_RUNTIME = YES;
				ENABLE_PREVIEWS = YES;
				GENERATE_INFOPLIST_FILE = YES;
				"INFOPLIST_KEY_UIApplicationSceneManifest_Generation[sdk=iphoneos*]" = YES;
				"INFOPLIST_KEY_UIApplicationSceneManifest_Generation[sdk=iphonesimulator*]" = YES;
				"INFOPLIST_KEY_UIApplicationSupportsIndirectInputEvents[sdk=iphoneos*]" = YES;
				"INFOPLIST_KEY_UIApplicationSupportsIndirectInputEvents[sdk=iphonesimulator*]" = YES;
				"INFOPLIST_KEY_UILaunchScreen_Generation[sdk=iphoneos*]" = YES;
				"INFOPLIST_KEY_UILaunchScreen_Generation[sdk=iphonesimulator*]" = YES;
				"INFOPLIST_KEY_UIStatusBarStyle[sdk=iphoneos*]" = UIStatusBarStyleDefault;
				"INFOPLIST_KEY_UIStatusBarStyle[sdk=iphonesimulator*]" = UIStatusBarStyleDefault;
				INFOPLIST_KEY_UISupportedInterfaceOrientations_iPad = "UIInterfaceOrientationPortrait UIInterfaceOrientationPortraitUpsideDown UIInterfaceOrientationLandscapeLeft UIInterfaceOrientationLandscapeRight";
				INFOPLIST_KEY_UISupportedInterfaceOrientations_iPhone = "UIInterfaceOrientationPortrait UIInterfaceOrientationLandscapeLeft UIInterfaceOrientationLandscapeRight";
				IPHONEOS_DEPLOYMENT_TARGET = 16.0;
				LD_RUNPATH_SEARCH_PATHS = "@executable_path/Frameworks";
				"LD_RUNPATH_SEARCH_PATHS[sdk=macosx*]" = "@executable_path/../Frameworks";
				MACOSX_DEPLOYMENT_TARGET = 12.5;
				MARKETING_VERSION = 1.0;
				PRODUCT_BUNDLE_IDENTIFIER = com.ebookfrenzy.ListNavDemo;
				PRODUCT_NAME = "$(TARGET_NAME)";
				SDKROOT = auto;
				SUPPORTED_PLATFORMS = "iphoneos iphonesimulator macosx";
				SWIFT_EMIT_LOC_STRINGS = YES;
				SWIFT_VERSION = 5.0;
				TARGETED_DEVICE_FAMILY = "1,2";
			};
			name = Debug;
		};
		88653F2928A034530062A48E /* Release */ = {
			isa = XCBuildConfiguration;
			buildSettings = {
				ASSETCATALOG_COMPILER_APPICON_NAME = AppIcon;
				ASSETCATALOG_COMPILER_GLOBAL_ACCENT_COLOR_NAME = AccentColor;
				CODE_SIGN_ENTITLEMENTS = ListNavDemo/ListNavDemo.entitlements;
				CODE_SIGN_STYLE = Automatic;
				CURRENT_PROJECT_VERSION = 1;
				DEVELOPMENT_ASSET_PATHS = "\"ListNavDemo/Preview Content\"";
				DEVELOPMENT_TEAM = 2UTH99GSB7;
				ENABLE_HARDENED_RUNTIME = YES;
				ENABLE_PREVIEWS = YES;
				GENERATE_INFOPLIST_FILE = YES;
				"INFOPLIST_KEY_UIApplicationSceneManifest_Generation[sdk=iphoneos*]" = YES;
				"INFOPLIST_KEY_UIApplicationSceneManifest_Generation[sdk=iphonesimulator*]" = YES;
				"INFOPLIST_KEY_UIApplicationSupportsIndirectInputEvents[sdk=iphoneos*]" = YES;
				"INFOPLIST_KEY_UIApplicationSupportsIndirectInputEvents[sdk=iphonesimulator*]" = YES;
				"INFOPLIST_KEY_UILaunchScreen_Generation[sdk=iphoneos*]" = YES;
				"INFOPLIST_KEY_UILaunchScreen_Generation[sdk=iphonesimulator*]" = YES;
				"INFOPLIST_KEY_UIStatusBarStyle[sdk=iphoneos*]" = UIStatusBarStyleDefault;
				"INFOPLIST_KEY_UIStatusBarStyle[sdk=iphonesimulator*]" = UIStatusBarStyleDefault;
				INFOPLIST_KEY_UISupportedInterfaceOrientations_iPad = "UIInterfaceOrientationPortrait UIInterfaceOrientationPortraitUpsideDown UIInterfaceOrientationLandscapeLeft UIInterfaceOrientationLandscapeRight";
				INFOPLIST_KEY_UISupportedInterfaceOrientations_iPhone = "UIInterfaceOrientationPortrait UIInterfaceOrientationLandscapeLeft UIInterfaceOrientationLandscapeRight";
				IPHONEOS_DEPLOYMENT_TARGET = 16.0;
				LD_RUNPATH_SEARCH_PATHS = "@executable_path/Frameworks";
				"LD_RUNPATH_SEARCH_PATHS[sdk=macosx*]" = "@executable_path/../Frameworks";
				MACOSX_DEPLOYMENT_TARGET = 12.5;
				MARKETING_VERSION = 1.0;
				PRODUCT_BUNDLE_IDENTIFIER = com.ebookfrenzy.ListNavDemo;
				PRODUCT_NAME = "$(TARGET_NAME)";
				SDKROOT = auto;
				SUPPORTED_PLATFORMS = "iphoneos iphonesimulator macosx";
				SWIFT_EMIT_LOC_STRINGS = YES;
				SWIFT_VERSION = 5.0;
				TARGETED_DEVICE_FAMILY = "1,2";
			};
			name = Release;
		};
/* End XCBuildConfiguration section */

/* Begin XCConfigurationList section */
		88653F1328A034510062A48E /* Build configuration list for PBXProject "ListNavDemo" */ = {
			isa = XCConfigurationList;
			buildConfigurations = (
				88653F2528A034530062A48E /* Debug */,
				88653F2628A034530062A48E /* Release */,
			);
			defaultConfigurationIsVisible = 0;
			defaultConfigurationName = Release;
		};
		88653F2728A034530062A48E /* Build configuration list for PBXNativeTarget "ListNavDemo" */ = {
			isa = XCConfigurationList;
			buildConfigurations = (
				88653F2828A034530062A48E /* Debug */,
				88653F2928A034530062A48E /* Release */,
			);
			defaultConfigurationIsVisible = 0;
			defaultConfigurationName = Release;
		};
/* End XCConfigurationList section */
	};
	rootObject = 88653F1028A034510062A48E /* Project object */;
}
